
Microsoft Visual Studio Solution File, Format Version 12.00
# Visual Studio 14
VisualStudioVersion = 14.0.25420.1
MinimumVisualStudioVersion = 10.0.40219.1
Project("{2150E333-8FDC-42A3-9474-1A3956D46DE8}") = "src", "src", "{20F056A3-9F74-4465-85FD-A20D3A30F155}"
EndProject
Project("{2150E333-8FDC-42A3-9474-1A3956D46DE8}") = "Solution Items", "Solution Items", "{DF89E8D5-4DBF-4DE2-8422-FDAD641D1DB0}"
	ProjectSection(SolutionItems) = preProject
		global.json = global.json
	EndProjectSection
EndProject
Project("{8BB2217D-0F2D-49D1-97BC-3654ED321F3B}") = "FuelUp", "src\FuelUp\FuelUp.xproj", "{49296CFE-F12A-4BCC-A7FE-E6C943874FB1}"
EndProject
Project("{FAE04EC0-301F-11D3-BF4B-00C04F79EFBC}") = "FuelUp", "..\FuelUp\FuelUp\FuelUp.csproj", "{3A54F703-C554-44AE-8DFC-16235D74B05C}"
EndProject
Global
	GlobalSection(SolutionConfigurationPlatforms) = preSolution
		Debug|Any CPU = Debug|Any CPU
		Release|Any CPU = Release|Any CPU
	EndGlobalSection
	GlobalSection(ProjectConfigurationPlatforms) = postSolution
		{49296CFE-F12A-4BCC-A7FE-E6C943874FB1}.Debug|Any CPU.ActiveCfg = Debug|Any CPU
		{49296CFE-F12A-4BCC-A7FE-E6C943874FB1}.Debug|Any CPU.Build.0 = Debug|Any CPU
		{49296CFE-F12A-4BCC-A7FE-E6C943874FB1}.Release|Any CPU.ActiveCfg = Release|Any CPU
		{49296CFE-F12A-4BCC-A7FE-E6C943874FB1}.Release|Any CPU.Build.0 = Release|Any CPU
		{3A54F703-C554-44AE-8DFC-16235D74B05C}.Debug|Any CPU.ActiveCfg = Debug|Any CPU
		{3A54F703-C554-44AE-8DFC-16235D74B05C}.Debug|Any CPU.Build.0 = Debug|Any CPU
		{3A54F703-C554-44AE-8DFC-16235D74B05C}.Debug|Any CPU.Deploy.0 = Debug|Any CPU
		{3A54F703-C554-44AE-8DFC-16235D74B05C}.Release|Any CPU.ActiveCfg = Release|Any CPU
		{3A54F703-C554-44AE-8DFC-16235D74B05C}.Release|Any CPU.Build.0 = Release|Any CPU
		{3A54F703-C554-44AE-8DFC-16235D74B05C}.Release|Any CPU.Deploy.0 = Release|Any CPU
	EndGlobalSection
	GlobalSection(SolutionProperties) = preSolution
		HideSolutionNode = FALSE
	EndGlobalSection
	GlobalSection(NestedProjects) = preSolution
		{49296CFE-F12A-4BCC-A7FE-E6C943874FB1} = {20F056A3-9F74-4465-85FD-A20D3A30F155}
	EndGlobalSection
EndGlobal
